{
    "version": 3,
    "terraform_version": "0.9.4",
    "serial": 15,
    "lineage": "d03fb9d8-a78f-4d80-acdc-3bac54f3c52c",
    "modules": [
        {
            "path": [
                "root"
            ],
            "outputs": {},
            "resources": {
                "aws_instance.webserver.0": {
                    "type": "aws_instance",
                    "depends_on": [
                        "aws_key_pair.terrakey",
                        "aws_security_group.web",
                        "aws_subnet.Web-Subnet.*"
                    ],
                    "primary": {
                        "id": "i-0c01ea72225012017",
                        "attributes": {
                            "ami": "ami-d6f38cb9",
                            "associate_public_ip_address": "false",
                            "availability_zone": "ap-south-1a",
                            "disable_api_termination": "false",
                            "ebs_block_device.#": "0",
                            "ebs_optimized": "false",
                            "ephemeral_block_device.#": "0",
                            "iam_instance_profile": "",
                            "id": "i-0c01ea72225012017",
                            "instance_state": "running",
                            "instance_type": "t2.micro",
                            "ipv6_address_count": "0",
                            "ipv6_addresses.#": "0",
                            "key_name": "terra-key",
                            "monitoring": "false",
                            "network_interface.#": "0",
                            "network_interface_id": "eni-d38122b8",
                            "primary_network_interface_id": "eni-d38122b8",
                            "private_dns": "ip-172-16-32-14.ap-south-1.compute.internal",
                            "private_ip": "172.16.32.14",
                            "public_dns": "",
                            "public_ip": "",
                            "root_block_device.#": "1",
                            "root_block_device.0.delete_on_termination": "false",
                            "root_block_device.0.iops": "100",
                            "root_block_device.0.volume_size": "8",
                            "root_block_device.0.volume_type": "gp2",
                            "security_groups.#": "0",
                            "source_dest_check": "false",
                            "subnet_id": "subnet-71226b18",
                            "tags.%": "1",
                            "tags.Name": "irctc-Web-Server-0",
                            "tenancy": "default",
                            "volume_tags.%": "0",
                            "vpc_security_group_ids.#": "1",
                            "vpc_security_group_ids.2143936474": "sg-e1738289"
                        },
                        "meta": {
                            "schema_version": "1"
                        },
                        "tainted": false
                    },
                    "deposed": [],
                    "provider": ""
                },
                "aws_instance.webserver.1": {
                    "type": "aws_instance",
                    "depends_on": [
                        "aws_key_pair.terrakey",
                        "aws_security_group.web",
                        "aws_subnet.Web-Subnet.*"
                    ],
                    "primary": {
                        "id": "i-001aaf200db95353f",
                        "attributes": {
                            "ami": "ami-d6f38cb9",
                            "associate_public_ip_address": "false",
                            "availability_zone": "ap-south-1b",
                            "disable_api_termination": "false",
                            "ebs_block_device.#": "0",
                            "ebs_optimized": "false",
                            "ephemeral_block_device.#": "0",
                            "iam_instance_profile": "",
                            "id": "i-001aaf200db95353f",
                            "instance_state": "running",
                            "instance_type": "t2.micro",
                            "ipv6_address_count": "0",
                            "ipv6_addresses.#": "0",
                            "key_name": "terra-key",
                            "monitoring": "false",
                            "network_interface.#": "0",
                            "network_interface_id": "eni-017b6a4d",
                            "primary_network_interface_id": "eni-017b6a4d",
                            "private_dns": "ip-172-16-32-24.ap-south-1.compute.internal",
                            "private_ip": "172.16.32.24",
                            "public_dns": "",
                            "public_ip": "",
                            "root_block_device.#": "1",
                            "root_block_device.0.delete_on_termination": "false",
                            "root_block_device.0.iops": "100",
                            "root_block_device.0.volume_size": "8",
                            "root_block_device.0.volume_type": "gp2",
                            "security_groups.#": "0",
                            "source_dest_check": "false",
                            "subnet_id": "subnet-5e65e513",
                            "tags.%": "1",
                            "tags.Name": "irctc-Web-Server-1",
                            "tenancy": "default",
                            "volume_tags.%": "0",
                            "vpc_security_group_ids.#": "1",
                            "vpc_security_group_ids.2143936474": "sg-e1738289"
                        },
                        "meta": {
                            "schema_version": "1"
                        },
                        "tainted": false
                    },
                    "deposed": [],
                    "provider": ""
                },
                "aws_internet_gateway.igw-test": {
                    "type": "aws_internet_gateway",
                    "depends_on": [
                        "aws_vpc.main"
                    ],
                    "primary": {
                        "id": "igw-f34cdb9a",
                        "attributes": {
                            "id": "igw-f34cdb9a",
                            "tags.%": "1",
                            "tags.Name": "irctc-igw",
                            "vpc_id": "vpc-04632e6d"
                        },
                        "meta": {},
                        "tainted": false
                    },
                    "deposed": [],
                    "provider": ""
                },
                "aws_key_pair.terrakey": {
                    "type": "aws_key_pair",
                    "depends_on": [],
                    "primary": {
                        "id": "terra-key",
                        "attributes": {
                            "id": "terra-key",
                            "key_name": "terra-key",
                            "public_key": "ssh-rsa AAAAB3NzaC1yc2EAAAADAQABAAABAQCmyf+2wmtgVYYaiVqUbhZVnUOCJ1TiJPoDpLSxrKyy5M8/Dy7/wtWGZjdkpexhOlX3MV4NZvCMvwYjOIocIABPZkEVD0QsF0/i652yDNMS2AOTTtVMsmPvEqWfhdMJZlQ4Qo/80h/z8ML86i/kTl1XLkyQb20pdXIOAXlA1oegQhtozmK42ajKIvQ/G7L7A6ssi10oI9jgdQ6MHIXNQ0OSm5TC+okSPpIBD27alOUlCtaZZFWMqHNhEeAaZ7gf95Rnp3fL/GSF+fXQiIq9ahq/xEyWWxzn0qG9uZSPASW5nZ/MWbnG1jTkl1aJXfTkndXmhTwqiaOIpy/AEgU4did9 root@terraconnect"
                        },
                        "meta": {
                            "schema_version": "1"
                        },
                        "tainted": false
                    },
                    "deposed": [],
                    "provider": ""
                },
                "aws_route_table.web-rt": {
                    "type": "aws_route_table",
                    "depends_on": [
                        "aws_internet_gateway.igw-test",
                        "aws_vpc.main"
                    ],
                    "primary": {
                        "id": "rtb-8af9a1e3",
                        "attributes": {
                            "id": "rtb-8af9a1e3",
                            "propagating_vgws.#": "0",
                            "route.#": "1",
                            "route.2541657817.cidr_block": "0.0.0.0/0",
                            "route.2541657817.egress_only_gateway_id": "",
                            "route.2541657817.gateway_id": "igw-f34cdb9a",
                            "route.2541657817.instance_id": "",
                            "route.2541657817.ipv6_cidr_block": "",
                            "route.2541657817.nat_gateway_id": "",
                            "route.2541657817.network_interface_id": "",
                            "route.2541657817.vpc_peering_connection_id": "",
                            "tags.%": "1",
                            "tags.Name": "irctc-rt",
                            "vpc_id": "vpc-04632e6d"
                        },
                        "meta": {},
                        "tainted": false
                    },
                    "deposed": [],
                    "provider": ""
                },
                "aws_route_table_association.a.0": {
                    "type": "aws_route_table_association",
                    "depends_on": [
                        "aws_route_table.web-rt",
                        "aws_subnet.Web-Subnet.*"
                    ],
                    "primary": {
                        "id": "rtbassoc-c7f9eaae",
                        "attributes": {
                            "id": "rtbassoc-c7f9eaae",
                            "route_table_id": "rtb-8af9a1e3",
                            "subnet_id": "subnet-71226b18"
                        },
                        "meta": {},
                        "tainted": false
                    },
                    "deposed": [],
                    "provider": ""
                },
                "aws_route_table_association.a.1": {
                    "type": "aws_route_table_association",
                    "depends_on": [
                        "aws_route_table.web-rt",
                        "aws_subnet.Web-Subnet.*"
                    ],
                    "primary": {
                        "id": "rtbassoc-2ff9ea46",
                        "attributes": {
                            "id": "rtbassoc-2ff9ea46",
                            "route_table_id": "rtb-8af9a1e3",
                            "subnet_id": "subnet-5e65e513"
                        },
                        "meta": {},
                        "tainted": false
                    },
                    "deposed": [],
                    "provider": ""
                },
                "aws_security_group.web": {
                    "type": "aws_security_group",
                    "depends_on": [
                        "aws_vpc.main"
                    ],
                    "primary": {
                        "id": "sg-e1738289",
                        "attributes": {
                            "description": "Allow incoming HTTP connections.",
                            "egress.#": "0",
                            "id": "sg-e1738289",
                            "ingress.#": "2",
                            "ingress.1799340084.cidr_blocks.#": "1",
                            "ingress.1799340084.cidr_blocks.0": "0.0.0.0/0",
                            "ingress.1799340084.from_port": "-1",
                            "ingress.1799340084.ipv6_cidr_blocks.#": "0",
                            "ingress.1799340084.protocol": "icmp",
                            "ingress.1799340084.security_groups.#": "0",
                            "ingress.1799340084.self": "false",
                            "ingress.1799340084.to_port": "-1",
                            "ingress.2541437006.cidr_blocks.#": "1",
                            "ingress.2541437006.cidr_blocks.0": "0.0.0.0/0",
                            "ingress.2541437006.from_port": "22",
                            "ingress.2541437006.ipv6_cidr_blocks.#": "0",
                            "ingress.2541437006.protocol": "tcp",
                            "ingress.2541437006.security_groups.#": "0",
                            "ingress.2541437006.self": "false",
                            "ingress.2541437006.to_port": "22",
                            "name": "web-sg",
                            "owner_id": "465550824413",
                            "tags.%": "1",
                            "tags.Name": "irctc-websg",
                            "vpc_id": "vpc-04632e6d"
                        },
                        "meta": {},
                        "tainted": false
                    },
                    "deposed": [],
                    "provider": ""
                },
                "aws_subnet.Web-Subnet.0": {
                    "type": "aws_subnet",
                    "depends_on": [
                        "aws_vpc.main"
                    ],
                    "primary": {
                        "id": "subnet-71226b18",
                        "attributes": {
                            "assign_ipv6_address_on_creation": "false",
                            "availability_zone": "ap-south-1a",
                            "cidr_block": "172.16.32.0/28",
                            "id": "subnet-71226b18",
                            "map_public_ip_on_launch": "false",
                            "tags.%": "1",
                            "tags.Name": "irctc-Subnet",
                            "vpc_id": "vpc-04632e6d"
                        },
                        "meta": {
                            "schema_version": "1"
                        },
                        "tainted": false
                    },
                    "deposed": [],
                    "provider": ""
                },
                "aws_subnet.Web-Subnet.1": {
                    "type": "aws_subnet",
                    "depends_on": [
                        "aws_vpc.main"
                    ],
                    "primary": {
                        "id": "subnet-5e65e513",
                        "attributes": {
                            "assign_ipv6_address_on_creation": "false",
                            "availability_zone": "ap-south-1b",
                            "cidr_block": "172.16.32.16/28",
                            "id": "subnet-5e65e513",
                            "map_public_ip_on_launch": "false",
                            "tags.%": "1",
                            "tags.Name": "irctc-Subnet",
                            "vpc_id": "vpc-04632e6d"
                        },
                        "meta": {
                            "schema_version": "1"
                        },
                        "tainted": false
                    },
                    "deposed": [],
                    "provider": ""
                },
                "aws_vpc.main": {
                    "type": "aws_vpc",
                    "depends_on": [],
                    "primary": {
                        "id": "vpc-04632e6d",
                        "attributes": {
                            "assign_generated_ipv6_cidr_block": "false",
                            "cidr_block": "172.16.32.0/27",
                            "default_network_acl_id": "acl-91b5e7f8",
                            "default_route_table_id": "rtb-46f9a12f",
                            "default_security_group_id": "sg-2373824b",
                            "dhcp_options_id": "dopt-6ff9af06",
                            "enable_dns_hostnames": "false",
                            "enable_dns_support": "true",
                            "id": "vpc-04632e6d",
                            "instance_tenancy": "default",
                            "main_route_table_id": "rtb-46f9a12f",
                            "tags.%": "1",
                            "tags.Name": "irctc-vpc"
                        },
                        "meta": {
                            "schema_version": "1"
                        },
                        "tainted": false
                    },
                    "deposed": [],
                    "provider": ""
                }
            },
            "depends_on": []
        }
    ]
}
